// !$*UTF8*$!
{
	archiveVersion = 1;
	classes = {
	};
	objectVersion = 56;
	objects = {

/* Begin PBXBuildFile section */
		EBD696302CCEEB5000F4FFD1 /* AppDelegate.swift in Sources */ = {isa = PBXBuildFile; fileRef = EBD6962F2CCEEB5000F4FFD1 /* AppDelegate.swift */; };
		EBD696342CCEEB5000F4FFD1 /* LoginViewController.swift in Sources */ = {isa = PBXBuildFile; fileRef = EBD696332CCEEB5000F4FFD1 /* LoginViewController.swift */; };
		EBD696392CCEEB5200F4FFD1 /* Assets.xcassets in Resources */ = {isa = PBXBuildFile; fileRef = EBD696382CCEEB5200F4FFD1 /* Assets.xcassets */; };
		EBD6963C2CCEEB5200F4FFD1 /* LaunchScreen.storyboard in Resources */ = {isa = PBXBuildFile; fileRef = EBD6963A2CCEEB5200F4FFD1 /* LaunchScreen.storyboard */; };
		EBD696462CCEF09000F4FFD1 /* LoginView.swift in Sources */ = {isa = PBXBuildFile; fileRef = EBD696452CCEF09000F4FFD1 /* LoginView.swift */; };
		EBD696492CD405D500F4FFD1 /* OnboardingContainerViewController.swift in Sources */ = {isa = PBXBuildFile; fileRef = EBD696482CD405D500F4FFD1 /* OnboardingContainerViewController.swift */; };
		EBD6964B2CD435FE00F4FFD1 /* OnboardingViewController.swift in Sources */ = {isa = PBXBuildFile; fileRef = EBD6964A2CD435FE00F4FFD1 /* OnboardingViewController.swift */; };
		EBD6964D2CD5534300F4FFD1 /* DummyViewController.swift in Sources */ = {isa = PBXBuildFile; fileRef = EBD6964C2CD5534300F4FFD1 /* DummyViewController.swift */; };
		EBD696502CD55DD500F4FFD1 /* LocalState.swift in Sources */ = {isa = PBXBuildFile; fileRef = EBD6964F2CD55DD500F4FFD1 /* LocalState.swift */; };
		EBD696522CD5723F00F4FFD1 /* UIViewController+Utils.swift in Sources */ = {isa = PBXBuildFile; fileRef = EBD696512CD5723F00F4FFD1 /* UIViewController+Utils.swift */; };
		EBD696542CD574D000F4FFD1 /* MainViewController.swift in Sources */ = {isa = PBXBuildFile; fileRef = EBD696532CD574D000F4FFD1 /* MainViewController.swift */; };
		EBD6969A2CDA1C9000F4FFD1 /* AccountSummaryViewController.swift in Sources */ = {isa = PBXBuildFile; fileRef = EBD696992CDA1C9000F4FFD1 /* AccountSummaryViewController.swift */; };
		EBD6969C2CDA222B00F4FFD1 /* AccountSummaryHeaderView.swift in Sources */ = {isa = PBXBuildFile; fileRef = EBD6969B2CDA222B00F4FFD1 /* AccountSummaryHeaderView.swift */; };
		EBD6969E2CDA22B400F4FFD1 /* AccountSummaryHeaderView.xib in Resources */ = {isa = PBXBuildFile; fileRef = EBD6969D2CDA22B400F4FFD1 /* AccountSummaryHeaderView.xib */; };
/* End PBXBuildFile section */

/* Begin PBXFileReference section */
		EBD6962C2CCEEB5000F4FFD1 /* Bankey.app */ = {isa = PBXFileReference; explicitFileType = wrapper.application; includeInIndex = 0; path = Bankey.app; sourceTree = BUILT_PRODUCTS_DIR; };
		EBD6962F2CCEEB5000F4FFD1 /* AppDelegate.swift */ = {isa = PBXFileReference; lastKnownFileType = sourcecode.swift; path = AppDelegate.swift; sourceTree = "<group>"; };
		EBD696332CCEEB5000F4FFD1 /* LoginViewController.swift */ = {isa = PBXFileReference; lastKnownFileType = sourcecode.swift; path = LoginViewController.swift; sourceTree = "<group>"; };
		EBD696382CCEEB5200F4FFD1 /* Assets.xcassets */ = {isa = PBXFileReference; lastKnownFileType = folder.assetcatalog; path = Assets.xcassets; sourceTree = "<group>"; };
		EBD6963B2CCEEB5200F4FFD1 /* Base */ = {isa = PBXFileReference; lastKnownFileType = file.storyboard; name = Base; path = Base.lproj/LaunchScreen.storyboard; sourceTree = "<group>"; };
		EBD6963D2CCEEB5200F4FFD1 /* Info.plist */ = {isa = PBXFileReference; lastKnownFileType = text.plist.xml; path = Info.plist; sourceTree = "<group>"; };
		EBD696452CCEF09000F4FFD1 /* LoginView.swift */ = {isa = PBXFileReference; lastKnownFileType = sourcecode.swift; path = LoginView.swift; sourceTree = "<group>"; };
		EBD696482CD405D500F4FFD1 /* OnboardingContainerViewController.swift */ = {isa = PBXFileReference; lastKnownFileType = sourcecode.swift; path = OnboardingContainerViewController.swift; sourceTree = "<group>"; };
		EBD6964A2CD435FE00F4FFD1 /* OnboardingViewController.swift */ = {isa = PBXFileReference; lastKnownFileType = sourcecode.swift; path = OnboardingViewController.swift; sourceTree = "<group>"; };
		EBD6964C2CD5534300F4FFD1 /* DummyViewController.swift */ = {isa = PBXFileReference; lastKnownFileType = sourcecode.swift; path = DummyViewController.swift; sourceTree = "<group>"; };
		EBD6964F2CD55DD500F4FFD1 /* LocalState.swift */ = {isa = PBXFileReference; lastKnownFileType = sourcecode.swift; path = LocalState.swift; sourceTree = "<group>"; };
		EBD696512CD5723F00F4FFD1 /* UIViewController+Utils.swift */ = {isa = PBXFileReference; lastKnownFileType = sourcecode.swift; path = "UIViewController+Utils.swift"; sourceTree = "<group>"; };
		EBD696532CD574D000F4FFD1 /* MainViewController.swift */ = {isa = PBXFileReference; lastKnownFileType = sourcecode.swift; path = MainViewController.swift; sourceTree = "<group>"; };
		EBD696992CDA1C9000F4FFD1 /* AccountSummaryViewController.swift */ = {isa = PBXFileReference; lastKnownFileType = sourcecode.swift; path = AccountSummaryViewController.swift; sourceTree = "<group>"; };
		EBD6969B2CDA222B00F4FFD1 /* AccountSummaryHeaderView.swift */ = {isa = PBXFileReference; lastKnownFileType = sourcecode.swift; path = AccountSummaryHeaderView.swift; sourceTree = "<group>"; };
		EBD6969D2CDA22B400F4FFD1 /* AccountSummaryHeaderView.xib */ = {isa = PBXFileReference; lastKnownFileType = file.xib; path = AccountSummaryHeaderView.xib; sourceTree = "<group>"; };
/* End PBXFileReference section */

/* Begin PBXFrameworksBuildPhase section */
		EBD696292CCEEB5000F4FFD1 /* Frameworks */ = {
			isa = PBXFrameworksBuildPhase;
			buildActionMask = 2147483647;
			files = (
			);
			runOnlyForDeploymentPostprocessing = 0;
		};
/* End PBXFrameworksBuildPhase section */

/* Begin PBXGroup section */
		EBD696232CCEEB5000F4FFD1 = {
			isa = PBXGroup;
			children = (
				EBD6962E2CCEEB5000F4FFD1 /* Bankey */,
				EBD6962D2CCEEB5000F4FFD1 /* Products */,
			);
			sourceTree = "<group>";
		};
		EBD6962D2CCEEB5000F4FFD1 /* Products */ = {
			isa = PBXGroup;
			children = (
				EBD6962C2CCEEB5000F4FFD1 /* Bankey.app */,
			);
			name = Products;
			sourceTree = "<group>";
		};
		EBD6962E2CCEEB5000F4FFD1 /* Bankey */ = {
			isa = PBXGroup;
			children = (
				EBD6962F2CCEEB5000F4FFD1 /* AppDelegate.swift */,
				EBD696532CD574D000F4FFD1 /* MainViewController.swift */,
				EBD696442CCEF06C00F4FFD1 /* Login */,
				EBD696472CD4059700F4FFD1 /* Onboarding */,
				EBD696982CDA1C5D00F4FFD1 /* AccountSummary */,
				EBD6964E2CD55DB900F4FFD1 /* Utils */,
				EBD696432CCEEFEF00F4FFD1 /* Files */,
			);
			path = Bankey;
			sourceTree = "<group>";
		};
		EBD696432CCEEFEF00F4FFD1 /* Files */ = {
			isa = PBXGroup;
			children = (
				EBD696382CCEEB5200F4FFD1 /* Assets.xcassets */,
				EBD6963A2CCEEB5200F4FFD1 /* LaunchScreen.storyboard */,
				EBD6963D2CCEEB5200F4FFD1 /* Info.plist */,
			);
			name = Files;
			sourceTree = "<group>";
		};
		EBD696442CCEF06C00F4FFD1 /* Login */ = {
			isa = PBXGroup;
			children = (
				EBD696332CCEEB5000F4FFD1 /* LoginViewController.swift */,
				EBD696452CCEF09000F4FFD1 /* LoginView.swift */,
				EBD6964C2CD5534300F4FFD1 /* DummyViewController.swift */,
			);
			path = Login;
			sourceTree = "<group>";
		};
		EBD696472CD4059700F4FFD1 /* Onboarding */ = {
			isa = PBXGroup;
			children = (
				EBD696482CD405D500F4FFD1 /* OnboardingContainerViewController.swift */,
				EBD6964A2CD435FE00F4FFD1 /* OnboardingViewController.swift */,
			);
			path = Onboarding;
			sourceTree = "<group>";
		};
		EBD6964E2CD55DB900F4FFD1 /* Utils */ = {
			isa = PBXGroup;
			children = (
				EBD6964F2CD55DD500F4FFD1 /* LocalState.swift */,
				EBD696512CD5723F00F4FFD1 /* UIViewController+Utils.swift */,
			);
			path = Utils;
			sourceTree = "<group>";
		};
		EBD696982CDA1C5D00F4FFD1 /* AccountSummary */ = {
			isa = PBXGroup;
			children = (
				EBD696992CDA1C9000F4FFD1 /* AccountSummaryViewController.swift */,
				EBD6969B2CDA222B00F4FFD1 /* AccountSummaryHeaderView.swift */,
				EBD6969D2CDA22B400F4FFD1 /* AccountSummaryHeaderView.xib */,
			);
			path = AccountSummary;
			sourceTree = "<group>";
		};
/* End PBXGroup section */

/* Begin PBXNativeTarget section */
		EBD6962B2CCEEB5000F4FFD1 /* Bankey */ = {
			isa = PBXNativeTarget;
			buildConfigurationList = EBD696402CCEEB5200F4FFD1 /* Build configuration list for PBXNativeTarget "Bankey" */;
			buildPhases = (
				EBD696282CCEEB5000F4FFD1 /* Sources */,
				EBD696292CCEEB5000F4FFD1 /* Frameworks */,
				EBD6962A2CCEEB5000F4FFD1 /* Resources */,
			);
			buildRules = (
			);
			dependencies = (
			);
			name = Bankey;
			productName = Bankey;
			productReference = EBD6962C2CCEEB5000F4FFD1 /* Bankey.app */;
			productType = "com.apple.product-type.application";
		};
/* End PBXNativeTarget section */

/* Begin PBXProject section */
		EBD696242CCEEB5000F4FFD1 /* Project object */ = {
			isa = PBXProject;
			attributes = {
				BuildIndependentTargetsInParallel = 1;
				LastSwiftUpdateCheck = 1520;
				LastUpgradeCheck = 1520;
				TargetAttributes = {
					EBD6962B2CCEEB5000F4FFD1 = {
						CreatedOnToolsVersion = 15.2;
					};
				};
			};
			buildConfigurationList = EBD696272CCEEB5000F4FFD1 /* Build configuration list for PBXProject "Bankey" */;
			compatibilityVersion = "Xcode 14.0";
			developmentRegion = en;
			hasScannedForEncodings = 0;
			knownRegions = (
				en,
				Base,
			);
			mainGroup = EBD696232CCEEB5000F4FFD1;
			productRefGroup = EBD6962D2CCEEB5000F4FFD1 /* Products */;
			projectDirPath = "";
			projectRoot = "";
			targets = (
				EBD6962B2CCEEB5000F4FFD1 /* Bankey */,
			);
		};
/* End PBXProject section */

/* Begin PBXResourcesBuildPhase section */
		EBD6962A2CCEEB5000F4FFD1 /* Resources */ = {
			isa = PBXResourcesBuildPhase;
			buildActionMask = 2147483647;
			files = (
				EBD6969E2CDA22B400F4FFD1 /* AccountSummaryHeaderView.xib in Resources */,
				EBD6963C2CCEEB5200F4FFD1 /* LaunchScreen.storyboard in Resources */,
				EBD696392CCEEB5200F4FFD1 /* Assets.xcassets in Resources */,
			);
			runOnlyForDeploymentPostprocessing = 0;
		};
/* End PBXResourcesBuildPhase section */

/* Begin PBXSourcesBuildPhase section */
		EBD696282CCEEB5000F4FFD1 /* Sources */ = {
			isa = PBXSourcesBuildPhase;
			buildActionMask = 2147483647;
			files = (
				EBD696522CD5723F00F4FFD1 /* UIViewController+Utils.swift in Sources */,
				EBD696462CCEF09000F4FFD1 /* LoginView.swift in Sources */,
				EBD696502CD55DD500F4FFD1 /* LocalState.swift in Sources */,
				EBD6969C2CDA222B00F4FFD1 /* AccountSummaryHeaderView.swift in Sources */,
				EBD6964D2CD5534300F4FFD1 /* DummyViewController.swift in Sources */,
				EBD696342CCEEB5000F4FFD1 /* LoginViewController.swift in Sources */,
				EBD6964B2CD435FE00F4FFD1 /* OnboardingViewController.swift in Sources */,
				EBD696542CD574D000F4FFD1 /* MainViewController.swift in Sources */,
				EBD6969A2CDA1C9000F4FFD1 /* AccountSummaryViewController.swift in Sources */,
				EBD696302CCEEB5000F4FFD1 /* AppDelegate.swift in Sources */,
				EBD696492CD405D500F4FFD1 /* OnboardingContainerViewController.swift in Sources */,
			);
			runOnlyForDeploymentPostprocessing = 0;
		};
/* End PBXSourcesBuildPhase section */

/* Begin PBXVariantGroup section */
		EBD6963A2CCEEB5200F4FFD1 /* LaunchScreen.storyboard */ = {
			isa = PBXVariantGroup;
			children = (
				EBD6963B2CCEEB5200F4FFD1 /* Base */,
			);
			name = LaunchScreen.storyboard;
			sourceTree = "<group>";
		};
/* End PBXVariantGroup section */

/* Begin XCBuildConfiguration section */
		EBD6963E2CCEEB5200F4FFD1 /* Debug */ = {
			isa = XCBuildConfiguration;
			buildSettings = {
				ALWAYS_SEARCH_USER_PATHS = NO;
				ASSETCATALOG_COMPILER_GENERATE_SWIFT_ASSET_SYMBOL_EXTENSIONS = YES;
				CLANG_ANALYZER_NONNULL = YES;
				CLANG_ANALYZER_NUMBER_OBJECT_CONVERSION = YES_AGGRESSIVE;
				CLANG_CXX_LANGUAGE_STANDARD = "gnu++20";
				CLANG_ENABLE_MODULES = YES;
				CLANG_ENABLE_OBJC_ARC = YES;
				CLANG_ENABLE_OBJC_WEAK = YES;
				CLANG_WARN_BLOCK_CAPTURE_AUTORELEASING = YES;
				CLANG_WARN_BOOL_CONVERSION = YES;
				CLANG_WARN_COMMA = YES;
				CLANG_WARN_CONSTANT_CONVERSION = YES;
				CLANG_WARN_DEPRECATED_OBJC_IMPLEMENTATIONS = YES;
				CLANG_WARN_DIRECT_OBJC_ISA_USAGE = YES_ERROR;
				CLANG_WARN_DOCUMENTATION_COMMENTS = YES;
				CLANG_WARN_EMPTY_BODY = YES;
				CLANG_WARN_ENUM_CONVERSION = YES;
				CLANG_WARN_INFINITE_RECURSION = YES;
				CLANG_WARN_INT_CONVERSION = YES;
				CLANG_WARN_NON_LITERAL_NULL_CONVERSION = YES;
				CLANG_WARN_OBJC_IMPLICIT_RETAIN_SELF = YES;
				CLANG_WARN_OBJC_LITERAL_CONVERSION = YES;
				CLANG_WARN_OBJC_ROOT_CLASS = YES_ERROR;
				CLANG_WARN_QUOTED_INCLUDE_IN_FRAMEWORK_HEADER = YES;
				CLANG_WARN_RANGE_LOOP_ANALYSIS = YES;
				CLANG_WARN_STRICT_PROTOTYPES = YES;
				CLANG_WARN_SUSPICIOUS_MOVE = YES;
				CLANG_WARN_UNGUARDED_AVAILABILITY = YES_AGGRESSIVE;
				CLANG_WARN_UNREACHABLE_CODE = YES;
				CLANG_WARN__DUPLICATE_METHOD_MATCH = YES;
				COPY_PHASE_STRIP = NO;
				DEBUG_INFORMATION_FORMAT = dwarf;
				ENABLE_STRICT_OBJC_MSGSEND = YES;
				ENABLE_TESTABILITY = YES;
				ENABLE_USER_SCRIPT_SANDBOXING = YES;
				GCC_C_LANGUAGE_STANDARD = gnu17;
				GCC_DYNAMIC_NO_PIC = NO;
				GCC_NO_COMMON_BLOCKS = YES;
				GCC_OPTIMIZATION_LEVEL = 0;
				GCC_PREPROCESSOR_DEFINITIONS = (
					"DEBUG=1",
					"$(inherited)",
				);
				GCC_WARN_64_TO_32_BIT_CONVERSION = YES;
				GCC_WARN_ABOUT_RETURN_TYPE = YES_ERROR;
				GCC_WARN_UNDECLARED_SELECTOR = YES;
				GCC_WARN_UNINITIALIZED_AUTOS = YES_AGGRESSIVE;
				GCC_WARN_UNUSED_FUNCTION = YES;
				GCC_WARN_UNUSED_VARIABLE = YES;
				IPHONEOS_DEPLOYMENT_TARGET = 17.2;
				LOCALIZATION_PREFERS_STRING_CATALOGS = YES;
				MTL_ENABLE_DEBUG_INFO = INCLUDE_SOURCE;
				MTL_FAST_MATH = YES;
				ONLY_ACTIVE_ARCH = YES;
				SDKROOT = iphoneos;
				SWIFT_ACTIVE_COMPILATION_CONDITIONS = "DEBUG $(inherited)";
				SWIFT_OPTIMIZATION_LEVEL = "-Onone";
			};
			name = Debug;
		};
		EBD6963F2CCEEB5200F4FFD1 /* Release */ = {
			isa = XCBuildConfiguration;
			buildSettings = {
				ALWAYS_SEARCH_USER_PATHS = NO;
				ASSETCATALOG_COMPILER_GENERATE_SWIFT_ASSET_SYMBOL_EXTENSIONS = YES;
				CLANG_ANALYZER_NONNULL = YES;
				CLANG_ANALYZER_NUMBER_OBJECT_CONVERSION = YES_AGGRESSIVE;
				CLANG_CXX_LANGUAGE_STANDARD = "gnu++20";
				CLANG_ENABLE_MODULES = YES;
				CLANG_ENABLE_OBJC_ARC = YES;
				CLANG_ENABLE_OBJC_WEAK = YES;
				CLANG_WARN_BLOCK_CAPTURE_AUTORELEASING = YES;
				CLANG_WARN_BOOL_CONVERSION = YES;
				CLANG_WARN_COMMA = YES;
				CLANG_WARN_CONSTANT_CONVERSION = YES;
				CLANG_WARN_DEPRECATED_OBJC_IMPLEMENTATIONS = YES;
				CLANG_WARN_DIRECT_OBJC_ISA_USAGE = YES_ERROR;
				CLANG_WARN_DOCUMENTATION_COMMENTS = YES;
				CLANG_WARN_EMPTY_BODY = YES;
				CLANG_WARN_ENUM_CONVERSION = YES;
				CLANG_WARN_INFINITE_RECURSION = YES;
				CLANG_WARN_INT_CONVERSION = YES;
				CLANG_WARN_NON_LITERAL_NULL_CONVERSION = YES;
				CLANG_WARN_OBJC_IMPLICIT_RETAIN_SELF = YES;
				CLANG_WARN_OBJC_LITERAL_CONVERSION = YES;
				CLANG_WARN_OBJC_ROOT_CLASS = YES_ERROR;
				CLANG_WARN_QUOTED_INCLUDE_IN_FRAMEWORK_HEADER = YES;
				CLANG_WARN_RANGE_LOOP_ANALYSIS = YES;
				CLANG_WARN_STRICT_PROTOTYPES = YES;
				CLANG_WARN_SUSPICIOUS_MOVE = YES;
				CLANG_WARN_UNGUARDED_AVAILABILITY = YES_AGGRESSIVE;
				CLANG_WARN_UNREACHABLE_CODE = YES;
				CLANG_WARN__DUPLICATE_METHOD_MATCH = YES;
				COPY_PHASE_STRIP = NO;
				DEBUG_INFORMATION_FORMAT = "dwarf-with-dsym";
				ENABLE_NS_ASSERTIONS = NO;
				ENABLE_STRICT_OBJC_MSGSEND = YES;
				ENABLE_USER_SCRIPT_SANDBOXING = YES;
				GCC_C_LANGUAGE_STANDARD = gnu17;
				GCC_NO_COMMON_BLOCKS = YES;
				GCC_WARN_64_TO_32_BIT_CONVERSION = YES;
				GCC_WARN_ABOUT_RETURN_TYPE = YES_ERROR;
				GCC_WARN_UNDECLARED_SELECTOR = YES;
				GCC_WARN_UNINITIALIZED_AUTOS = YES_AGGRESSIVE;
				GCC_WARN_UNUSED_FUNCTION = YES;
				GCC_WARN_UNUSED_VARIABLE = YES;
				IPHONEOS_DEPLOYMENT_TARGET = 17.2;
				LOCALIZATION_PREFERS_STRING_CATALOGS = YES;
				MTL_ENABLE_DEBUG_INFO = NO;
				MTL_FAST_MATH = YES;
				SDKROOT = iphoneos;
				SWIFT_COMPILATION_MODE = wholemodule;
				VALIDATE_PRODUCT = YES;
			};
			name = Release;
		};
		EBD696412CCEEB5200F4FFD1 /* Debug */ = {
			isa = XCBuildConfiguration;
			buildSettings = {
				ASSETCATALOG_COMPILER_APPICON_NAME = AppIcon;
				ASSETCATALOG_COMPILER_GLOBAL_ACCENT_COLOR_NAME = AccentColor;
				CODE_SIGN_STYLE = Automatic;
				CURRENT_PROJECT_VERSION = 1;
				DEVELOPMENT_TEAM = 8Y3ZVN9AH6;
				GENERATE_INFOPLIST_FILE = YES;
				INFOPLIST_FILE = Bankey/Info.plist;
				INFOPLIST_KEY_UIApplicationSupportsIndirectInputEvents = YES;
				INFOPLIST_KEY_UILaunchStoryboardName = LaunchScreen;
				INFOPLIST_KEY_UISupportedInterfaceOrientations_iPad = "UIInterfaceOrientationPortrait UIInterfaceOrientationPortraitUpsideDown UIInterfaceOrientationLandscapeLeft UIInterfaceOrientationLandscapeRight";
				INFOPLIST_KEY_UISupportedInterfaceOrientations_iPhone = "UIInterfaceOrientationPortrait UIInterfaceOrientationLandscapeLeft UIInterfaceOrientationLandscapeRight";
				LD_RUNPATH_SEARCH_PATHS = (
					"$(inherited)",
					"@executable_path/Frameworks",
				);
				MARKETING_VERSION = 1.0;
				PRODUCT_BUNDLE_IDENTIFIER = dev.gasparn.Bankey;
				PRODUCT_NAME = "$(TARGET_NAME)";
				SWIFT_EMIT_LOC_STRINGS = YES;
				SWIFT_VERSION = 5.0;
				TARGETED_DEVICE_FAMILY = "1,2";
			};
			name = Debug;
		};
		EBD696422CCEEB5200F4FFD1 /* Release */ = {
			isa = XCBuildConfiguration;
			buildSettings = {
				ASSETCATALOG_COMPILER_APPICON_NAME = AppIcon;
				ASSETCATALOG_COMPILER_GLOBAL_ACCENT_COLOR_NAME = AccentColor;
				CODE_SIGN_STYLE = Automatic;
				CURRENT_PROJECT_VERSION = 1;
				DEVELOPMENT_TEAM = 8Y3ZVN9AH6;
				GENERATE_INFOPLIST_FILE = YES;
				INFOPLIST_FILE = Bankey/Info.plist;
				INFOPLIST_KEY_UIApplicationSupportsIndirectInputEvents = YES;
				INFOPLIST_KEY_UILaunchStoryboardName = LaunchScreen;
				INFOPLIST_KEY_UISupportedInterfaceOrientations_iPad = "UIInterfaceOrientationPortrait UIInterfaceOrientationPortraitUpsideDown UIInterfaceOrientationLandscapeLeft UIInterfaceOrientationLandscapeRight";
				INFOPLIST_KEY_UISupportedInterfaceOrientations_iPhone = "UIInterfaceOrientationPortrait UIInterfaceOrientationLandscapeLeft UIInterfaceOrientationLandscapeRight";
				LD_RUNPATH_SEARCH_PATHS = (
					"$(inherited)",
					"@executable_path/Frameworks",
				);
				MARKETING_VERSION = 1.0;
				PRODUCT_BUNDLE_IDENTIFIER = dev.gasparn.Bankey;
				PRODUCT_NAME = "$(TARGET_NAME)";
				SWIFT_EMIT_LOC_STRINGS = YES;
				SWIFT_VERSION = 5.0;
				TARGETED_DEVICE_FAMILY = "1,2";
			};
			name = Release;
		};
/* End XCBuildConfiguration section */

/* Begin XCConfigurationList section */
		EBD696272CCEEB5000F4FFD1 /* Build configuration list for PBXProject "Bankey" */ = {
			isa = XCConfigurationList;
			buildConfigurations = (
				EBD6963E2CCEEB5200F4FFD1 /* Debug */,
				EBD6963F2CCEEB5200F4FFD1 /* Release */,
			);
			defaultConfigurationIsVisible = 0;
			defaultConfigurationName = Release;
		};
		EBD696402CCEEB5200F4FFD1 /* Build configuration list for PBXNativeTarget "Bankey" */ = {
			isa = XCConfigurationList;
			buildConfigurations = (
				EBD696412CCEEB5200F4FFD1 /* Debug */,
				EBD696422CCEEB5200F4FFD1 /* Release */,
			);
			defaultConfigurationIsVisible = 0;
			defaultConfigurationName = Release;
		};
/* End XCConfigurationList section */
	};
	rootObject = EBD696242CCEEB5000F4FFD1 /* Project object */;
}
